
Microsoft Visual Studio Solution File, Format Version 12.00
# Visual Studio 2013
VisualStudioVersion = 12.0.30723.0
MinimumVisualStudioVersion = 10.0.40219.1
Project("{FAE04EC0-301F-11D3-BF4B-00C04F79EFBC}") = "SignalR Client", "SignalR Client\SignalR Client.csproj", "{FE992D64-B140-4E53-B295-0250E0E3C774}"
EndProject
Global
	GlobalSection(SolutionConfigurationPlatforms) = preSolution
		Debug|Any CPU = Debug|Any CPU
		Release|Any CPU = Release|Any CPU
	EndGlobalSection
	GlobalSection(ProjectConfigurationPlatforms) = postSolution
		{FE992D64-B140-4E53-B295-0250E0E3C774}.Debug|Any CPU.ActiveCfg = Debug|Any CPU
		{FE992D64-B140-4E53-B295-0250E0E3C774}.Debug|Any CPU.Build.0 = Debug|Any CPU
		{FE992D64-B140-4E53-B295-0250E0E3C774}.Release|Any CPU.ActiveCfg = Release|Any CPU
		{FE992D64-B140-4E53-B295-0250E0E3C774}.Release|Any CPU.Build.0 = Release|Any CPU
	EndGlobalSection
	GlobalSection(SolutionProperties) = preSolution
		HideSolutionNode = FALSE
	EndGlobalSection
EndGlobal
